# This file is autogenerated, do not edit; changes may be undone by the next 'dep ensure'.


[[projects]]
  name = "github.com/google/go-github"
  packages = ["github"]
  revision = "e48060a28fac52d0f1cb758bc8b87c07bac4a87d"
  version = "v15.0.0"

[[projects]]
  branch = "master"
  name = "github.com/google/go-querystring"
  packages = ["query"]
  revision = "53e6ce116135b80d037921a7fdd5138cf32d7a8a"

[[projects]]
  name = "github.com/joho/godotenv"
  packages = ["."]
  revision = "a79fa1e548e2c689c241d10173efd51e5d689d5b"
  version = "v1.2.0"

[solve-meta]
  analyzer-name = "dep"
  analyzer-version = 1
  inputs-digest = "cb7944819363c6d62ed43c3337ea6b3771b580ccc867db631d48ecdc34ca8b1b"
  solver-name = "gps-cdcl"
  solver-version = 1
